
Microsoft Visual Studio Solution File, Format Version 12.00
# Visual Studio Version 17
VisualStudioVersion = 17.8.34330.188
MinimumVisualStudioVersion = 10.0.40219.1
Project("{9A19103F-16F7-4668-BE54-9A1E7A4F7556}") = "StaticCmdIdDumper", "StaticCmdIdDumper\StaticCmdIdDumper.csproj", "{6807E262-8D22-4982-9112-48396BE0AB1C}"
EndProject
Global
	GlobalSection(SolutionConfigurationPlatforms) = preSolution
		Debug|Any CPU = Debug|Any CPU
		Release|Any CPU = Release|Any CPU
	EndGlobalSection
	GlobalSection(ProjectConfigurationPlatforms) = postSolution
		{6807E262-8D22-4982-9112-48396BE0AB1C}.Debug|Any CPU.ActiveCfg = Debug|Any CPU
		{6807E262-8D22-4982-9112-48396BE0AB1C}.Debug|Any CPU.Build.0 = Debug|Any CPU
		{6807E262-8D22-4982-9112-48396BE0AB1C}.Release|Any CPU.ActiveCfg = Release|Any CPU
		{6807E262-8D22-4982-9112-48396BE0AB1C}.Release|Any CPU.Build.0 = Release|Any CPU
	EndGlobalSection
	GlobalSection(SolutionProperties) = preSolution
		HideSolutionNode = FALSE
	EndGlobalSection
	GlobalSection(ExtensibilityGlobals) = postSolution
		SolutionGuid = {131AD5EA-00C0-43DC-9472-B70C0EFAC255}
	EndGlobalSection
EndGlobal
